{
  "version": 4,
  "terraform_version": "0.13.3",
  "serial": 179,
  "lineage": "29a8504d-7a19-7ae4-c618-aecb47391bea",
  "outputs": {},
  "resources": [
    {
      "module": "module.aws_eks_cluster",
      "mode": "managed",
      "type": "aws_eks_cluster",
      "name": "basic-cluster",
      "provider": "provider[\"registry.terraform.io/hashicorp/aws\"]",
      "instances": [
        {
          "schema_version": 0,
          "attributes": {
            "arn": "arn:aws:eks:eu-west-1:887142107319:cluster/basic-cluster",
            "certificate_authority": [
              {
                "data": "LS0tLS1CRUdJTiBDRVJUSUZJQ0FURS0tLS0tCk1JSUN5RENDQWJDZ0F3SUJBZ0lCQURBTkJna3Foa2lHOXcwQkFRc0ZBREFWTVJNd0VRWURWUVFERXdwcmRXSmwKY201bGRHVnpNQjRYRFRJd01Ea3lOREV6TVRNME1sb1hEVE13TURreU1qRXpNVE0wTWxvd0ZURVRNQkVHQTFVRQpBeE1LYTNWaVpYSnVaWFJsY3pDQ0FTSXdEUVlKS29aSWh2Y05BUUVCQlFBRGdnRVBBRENDQVFvQ2dnRUJBSy84CjZQLy9kODFuSVVYTzVPMkZzTGtydmtXOFFqTjRCYVIwQlFqUjJPYmQraFBPMDhwNVRXVjNxdml6K3VXL3c5OEwKcUxMLzFBbGZ5RC96OXJBWnp4cTA3RUVMUFl6bnlObzZ6R0loeVFtckdTeERrM1RhR09qd2xFcC84TnBvVHEwcApBRW1VUUpGaklvckhPM3JCRVRybjZFZlB2cWVleEtURWcvNnBBNDJRU0k0MVBUUnlPcmQ4NGw4aCtiZ09DQ2RUCnRQcmxGUitUeTA4NUhjdFljVzY3SHRrNm5OWlc2cndhaU5QdWFYSnp1UGdXSW1UM2VHSXVNNXpLRVJRbnRDYmkKeDQ0a3VkcG41WXpiMnE4TDFaQXJiZlhrMHdqM1ptSndWOGNkQ1Nhdm96R2NQSm14UnFDd1lwQ1VPeHJhN0tDUAovR1o3dCtBQzliaWJ3ZVQzeGNrQ0F3RUFBYU1qTUNFd0RnWURWUjBQQVFIL0JBUURBZ0trTUE4R0ExVWRFd0VCCi93UUZNQU1CQWY4d0RRWUpLb1pJaHZjTkFRRUxCUUFEZ2dFQkFFVnZVbmZ0eVpSMlA0ZkhTMDdqWWR4czMxWGUKZzROYVFOK3pKT09ENHlac3VqSGZRTDlDbkdNdlpvQy9yZElIeVk0c1dqeFVhVDZxTVI5RjFhbmpsaVZUVk9qUwpqSUlCUzVBejN1Y1hTTVU4eTJZVjlmUUNCMmNreVBkYTM5WDdoT2NmVmFFZ2xxRkRPdE85Q0lheW9TU3Y0bUQ3CnFOMTBzR1h2eFRuWkJLb2FEZnBtTnRFQUtnSjIrUG1BbUo5QjZvOFU1OWErSjFqeFhjaHNWazI2Z2tRM09ZOTMKMFVod0gyN25hY2taVkJPVEV6dG1mcTBDTDFDSHg1RFlVZldyd2NxZGo1Y2swdTkrTVQybUJOa2tIaExQa3c4TgplVnUvR3d0SzZMM21sOGNvcmcrNC9EQjVpbDQrVVJYSmhaOE0rMUxZRkxma1RzQ0ZHbjJNdFJ5djlXST0KLS0tLS1FTkQgQ0VSVElGSUNBVEUtLS0tLQo="
              }
            ],
            "created_at": "2020-09-24 13:05:53.075 +0000 UTC",
            "enabled_cluster_log_types": null,
            "encryption_config": [],
            "endpoint": "https://93B9EE5827935EBFBC082D8F6B17875F.gr7.eu-west-1.eks.amazonaws.com",
            "id": "basic-cluster",
            "identity": [
              {
                "oidc": [
                  {
                    "issuer": "https://oidc.eks.eu-west-1.amazonaws.com/id/93B9EE5827935EBFBC082D8F6B17875F"
                  }
                ]
              }
            ],
            "name": "basic-cluster",
            "platform_version": "eks.3",
            "role_arn": "arn:aws:iam::887142107319:role/terraform-eks-basic-cluster",
            "status": "ACTIVE",
            "tags": null,
            "timeouts": null,
            "version": "1.17",
            "vpc_config": [
              {
                "cluster_security_group_id": "sg-0fb56b0f8016be1c6",
                "endpoint_private_access": false,
                "endpoint_public_access": true,
                "public_access_cidrs": [
                  "0.0.0.0/0"
                ],
                "security_group_ids": [
                  "sg-0ef6ee57bb37f6716"
                ],
                "subnet_ids": [
                  "subnet-02ef1f244f24a505c",
                  "subnet-0cf3ebf10af768f4c"
                ],
                "vpc_id": "vpc-005bab01fb0d4aaef"
              }
            ]
          },
          "private": "eyJlMmJmYjczMC1lY2FhLTExZTYtOGY4OC0zNDM2M2JjN2M0YzAiOnsiY3JlYXRlIjoxODAwMDAwMDAwMDAwLCJkZWxldGUiOjkwMDAwMDAwMDAwMCwidXBkYXRlIjozNjAwMDAwMDAwMDAwfX0=",
          "dependencies": [
            "module.aws_eks_cluster.aws_iam_role.basic-cluster",
            "module.aws_eks_cluster.aws_iam_role_policy_attachment.basic-cluster-AmazonEKSClusterPolicy",
            "module.aws_eks_cluster.aws_iam_role_policy_attachment.basic-cluster-AmazonEKSVPCResourceController",
            "module.aws_security_group.aws_security_group.T3ProjectSG",
            "module.aws_vpc.aws_subnet.ProjectSubnet",
            "module.aws_vpc.aws_subnet.ProjectSubnet1",
            "module.aws_vpc.aws_vpc.T3VPC"
          ]
        }
      ]
    },
    {
      "module": "module.aws_eks_cluster",
      "mode": "managed",
      "type": "aws_iam_role",
      "name": "basic-cluster",
      "provider": "provider[\"registry.terraform.io/hashicorp/aws\"]",
      "instances": [
        {
          "schema_version": 0,
          "attributes": {
            "arn": "arn:aws:iam::887142107319:role/terraform-eks-basic-cluster",
            "assume_role_policy": "{\"Version\":\"2012-10-17\",\"Statement\":[{\"Effect\":\"Allow\",\"Principal\":{\"Service\":\"eks.amazonaws.com\"},\"Action\":\"sts:AssumeRole\"}]}",
            "create_date": "2020-09-24T13:05:49Z",
            "description": "",
            "force_detach_policies": false,
            "id": "terraform-eks-basic-cluster",
            "max_session_duration": 3600,
            "name": "terraform-eks-basic-cluster",
            "name_prefix": null,
            "path": "/",
            "permissions_boundary": null,
            "tags": null,
            "unique_id": "AROA45DOKJC3UHC6FNQEG"
          },
          "private": "bnVsbA=="
        }
      ]
    },
    {
      "module": "module.aws_eks_cluster",
      "mode": "managed",
      "type": "aws_iam_role_policy_attachment",
      "name": "basic-cluster-AmazonEKSClusterPolicy",
      "provider": "provider[\"registry.terraform.io/hashicorp/aws\"]",
      "instances": [
        {
          "schema_version": 0,
          "attributes": {
            "id": "terraform-eks-basic-cluster-20200924130551201200000005",
            "policy_arn": "arn:aws:iam::aws:policy/AmazonEKSClusterPolicy",
            "role": "terraform-eks-basic-cluster"
          },
          "private": "bnVsbA==",
          "dependencies": [
            "module.aws_eks_cluster.aws_iam_role.basic-cluster"
          ]
        }
      ]
    },
    {
      "module": "module.aws_eks_cluster",
      "mode": "managed",
      "type": "aws_iam_role_policy_attachment",
      "name": "basic-cluster-AmazonEKSVPCResourceController",
      "provider": "provider[\"registry.terraform.io/hashicorp/aws\"]",
      "instances": [
        {
          "schema_version": 0,
          "attributes": {
            "id": "terraform-eks-basic-cluster-20200924130551065300000003",
            "policy_arn": "arn:aws:iam::aws:policy/AmazonEKSVPCResourceController",
            "role": "terraform-eks-basic-cluster"
          },
          "private": "bnVsbA==",
          "dependencies": [
            "module.aws_eks_cluster.aws_iam_role.basic-cluster"
          ]
        }
      ]
    },
    {
      "module": "module.aws_eks_nodes",
      "mode": "managed",
      "type": "aws_eks_node_group",
      "name": "basic",
      "provider": "provider[\"registry.terraform.io/hashicorp/aws\"]",
      "instances": [
        {
          "schema_version": 0,
          "attributes": {
            "ami_type": "AL2_x86_64",
            "arn": "arn:aws:eks:eu-west-1:887142107319:nodegroup/basic-cluster/basic-node-group/f4ba6023-84b2-b1a2-a174-6a783d729158",
            "cluster_name": "basic-cluster",
            "disk_size": 20,
            "force_update_version": null,
            "id": "basic-cluster:basic-node-group",
            "instance_types": [
              "t3.medium"
            ],
            "labels": null,
            "launch_template": [],
            "node_group_name": "basic-node-group",
            "node_role_arn": "arn:aws:iam::887142107319:role/terraform-eks-basic-node",
            "release_version": "1.17.9-20200904",
            "remote_access": [],
            "resources": [
              {
                "autoscaling_groups": [
                  {
                    "name": "eks-f4ba6023-84b2-b1a2-a174-6a783d729158"
                  }
                ],
                "remote_access_security_group_id": ""
              }
            ],
            "scaling_config": [
              {
                "desired_size": 1,
                "max_size": 2,
                "min_size": 1
              }
            ],
            "status": "ACTIVE",
            "subnet_ids": [
              "subnet-02ef1f244f24a505c",
              "subnet-0cf3ebf10af768f4c"
            ],
            "tags": null,
            "timeouts": null,
            "version": "1.17"
          },
          "private": "eyJlMmJmYjczMC1lY2FhLTExZTYtOGY4OC0zNDM2M2JjN2M0YzAiOnsiY3JlYXRlIjozNjAwMDAwMDAwMDAwLCJkZWxldGUiOjM2MDAwMDAwMDAwMDAsInVwZGF0ZSI6MzYwMDAwMDAwMDAwMH19",
          "dependencies": [
            "module.aws_eks_cluster.aws_eks_cluster.basic-cluster",
            "module.aws_eks_cluster.aws_iam_role.basic-cluster",
            "module.aws_eks_cluster.aws_iam_role_policy_attachment.basic-cluster-AmazonEKSClusterPolicy",
            "module.aws_eks_cluster.aws_iam_role_policy_attachment.basic-cluster-AmazonEKSVPCResourceController",
            "module.aws_eks_nodes.aws_iam_role.basic-node",
            "module.aws_eks_nodes.aws_iam_role_policy_attachment.basic-node-AmazonEC2ContainerRegistryReadOnly",
            "module.aws_eks_nodes.aws_iam_role_policy_attachment.basic-node-AmazonEKSWorkerNodePolicy",
            "module.aws_eks_nodes.aws_iam_role_policy_attachment.basic-node-AmazonEKS_CNI_Policy",
            "module.aws_security_group.aws_security_group.T3ProjectSG",
            "module.aws_vpc.aws_subnet.ProjectSubnet",
            "module.aws_vpc.aws_subnet.ProjectSubnet1",
            "module.aws_vpc.aws_vpc.T3VPC"
          ]
        }
      ]
    },
    {
      "module": "module.aws_eks_nodes",
      "mode": "managed",
      "type": "aws_iam_role",
      "name": "basic-node",
      "provider": "provider[\"registry.terraform.io/hashicorp/aws\"]",
      "instances": [
        {
          "schema_version": 0,
          "attributes": {
            "arn": "arn:aws:iam::887142107319:role/terraform-eks-basic-node",
            "assume_role_policy": "{\"Version\":\"2012-10-17\",\"Statement\":[{\"Effect\":\"Allow\",\"Principal\":{\"Service\":\"ec2.amazonaws.com\"},\"Action\":\"sts:AssumeRole\"}]}",
            "create_date": "2020-09-24T13:05:49Z",
            "description": "",
            "force_detach_policies": false,
            "id": "terraform-eks-basic-node",
            "max_session_duration": 3600,
            "name": "terraform-eks-basic-node",
            "name_prefix": null,
            "path": "/",
            "permissions_boundary": null,
            "tags": null,
            "unique_id": "AROA45DOKJC37N7Z232F3"
          },
          "private": "bnVsbA=="
        }
      ]
    },
    {
      "module": "module.aws_eks_nodes",
      "mode": "managed",
      "type": "aws_iam_role_policy_attachment",
      "name": "basic-node-AmazonEC2ContainerRegistryReadOnly",
      "provider": "provider[\"registry.terraform.io/hashicorp/aws\"]",
      "instances": [
        {
          "schema_version": 0,
          "attributes": {
            "id": "terraform-eks-basic-node-20200924130550978100000001",
            "policy_arn": "arn:aws:iam::aws:policy/AmazonEC2ContainerRegistryReadOnly",
            "role": "terraform-eks-basic-node"
          },
          "private": "bnVsbA==",
          "dependencies": [
            "module.aws_eks_nodes.aws_iam_role.basic-node"
          ]
        }
      ]
    },
    {
      "module": "module.aws_eks_nodes",
      "mode": "managed",
      "type": "aws_iam_role_policy_attachment",
      "name": "basic-node-AmazonEKSWorkerNodePolicy",
      "provider": "provider[\"registry.terraform.io/hashicorp/aws\"]",
      "instances": [
        {
          "schema_version": 0,
          "attributes": {
            "id": "terraform-eks-basic-node-20200924130551029500000002",
            "policy_arn": "arn:aws:iam::aws:policy/AmazonEKSWorkerNodePolicy",
            "role": "terraform-eks-basic-node"
          },
          "private": "bnVsbA==",
          "dependencies": [
            "module.aws_eks_nodes.aws_iam_role.basic-node"
          ]
        }
      ]
    },
    {
      "module": "module.aws_eks_nodes",
      "mode": "managed",
      "type": "aws_iam_role_policy_attachment",
      "name": "basic-node-AmazonEKS_CNI_Policy",
      "provider": "provider[\"registry.terraform.io/hashicorp/aws\"]",
      "instances": [
        {
          "schema_version": 0,
          "attributes": {
            "id": "terraform-eks-basic-node-20200924130551130800000004",
            "policy_arn": "arn:aws:iam::aws:policy/AmazonEKS_CNI_Policy",
            "role": "terraform-eks-basic-node"
          },
          "private": "bnVsbA==",
          "dependencies": [
            "module.aws_eks_nodes.aws_iam_role.basic-node"
          ]
        }
      ]
    },
    {
      "module": "module.aws_security_group",
      "mode": "managed",
      "type": "aws_security_group",
      "name": "T3ProjectSG",
      "provider": "provider[\"registry.terraform.io/hashicorp/aws\"]",
      "instances": [
        {
          "schema_version": 1,
          "attributes": {
            "arn": "arn:aws:ec2:eu-west-1:887142107319:security-group/sg-0ef6ee57bb37f6716",
            "description": "Allow SSH",
            "egress": [
              {
                "cidr_blocks": [
                  "0.0.0.0/0"
                ],
                "description": "",
                "from_port": 0,
                "ipv6_cidr_blocks": [],
                "prefix_list_ids": [],
                "protocol": "-1",
                "security_groups": [],
                "self": false,
                "to_port": 0
              }
            ],
            "id": "sg-0ef6ee57bb37f6716",
            "ingress": [
              {
                "cidr_blocks": [
                  "0.0.0.0/0"
                ],
                "description": "",
                "from_port": 22,
                "ipv6_cidr_blocks": [],
                "prefix_list_ids": [],
                "protocol": "tcp",
                "security_groups": [],
                "self": false,
                "to_port": 22
              },
              {
                "cidr_blocks": [
                  "0.0.0.0/0"
                ],
                "description": "",
                "from_port": 3306,
                "ipv6_cidr_blocks": [],
                "prefix_list_ids": [],
                "protocol": "tcp",
                "security_groups": [],
                "self": false,
                "to_port": 3306
              },
              {
                "cidr_blocks": [
                  "0.0.0.0/0"
                ],
                "description": "",
                "from_port": 4200,
                "ipv6_cidr_blocks": [],
                "prefix_list_ids": [],
                "protocol": "tcp",
                "security_groups": [],
                "self": false,
                "to_port": 4200
              },
              {
                "cidr_blocks": [
                  "0.0.0.0/0"
                ],
                "description": "",
                "from_port": 9966,
                "ipv6_cidr_blocks": [],
                "prefix_list_ids": [],
                "protocol": "tcp",
                "security_groups": [],
                "self": false,
                "to_port": 9966
              }
            ],
            "name": "T3ProjectSG",
            "name_prefix": "",
            "owner_id": "887142107319",
            "revoke_rules_on_delete": false,
            "tags": null,
            "timeouts": null,
            "vpc_id": "vpc-005bab01fb0d4aaef"
          },
          "private": "eyJlMmJmYjczMC1lY2FhLTExZTYtOGY4OC0zNDM2M2JjN2M0YzAiOnsiY3JlYXRlIjo2MDAwMDAwMDAwMDAsImRlbGV0ZSI6NjAwMDAwMDAwMDAwfSwic2NoZW1hX3ZlcnNpb24iOiIxIn0=",
          "dependencies": [
            "module.aws_vpc.aws_vpc.T3VPC"
          ]
        }
      ]
    },
    {
      "module": "module.aws_vpc",
      "mode": "managed",
      "type": "aws_internet_gateway",
      "name": "ProjectIG",
      "provider": "module.aws_vpc.provider[\"registry.terraform.io/hashicorp/aws\"]",
      "instances": [
        {
          "schema_version": 0,
          "attributes": {
            "arn": "arn:aws:ec2:eu-west-1:887142107319:internet-gateway/igw-0979e281e532461aa",
            "id": "igw-0979e281e532461aa",
            "owner_id": "887142107319",
            "tags": {
              "Name": "Project Internet Gateway"
            },
            "vpc_id": "vpc-005bab01fb0d4aaef"
          },
          "private": "bnVsbA==",
          "dependencies": [
            "module.aws_vpc.aws_vpc.T3VPC"
          ]
        }
      ]
    },
    {
      "module": "module.aws_vpc",
      "mode": "managed",
      "type": "aws_route_table",
      "name": "ProjectRT",
      "provider": "module.aws_vpc.provider[\"registry.terraform.io/hashicorp/aws\"]",
      "instances": [
        {
          "schema_version": 0,
          "attributes": {
            "id": "rtb-088220cc4c582638b",
            "owner_id": "887142107319",
            "propagating_vgws": [],
            "route": [
              {
                "cidr_block": "0.0.0.0/0",
                "egress_only_gateway_id": "",
                "gateway_id": "igw-0979e281e532461aa",
                "instance_id": "",
                "ipv6_cidr_block": "",
                "local_gateway_id": "",
                "nat_gateway_id": "",
                "network_interface_id": "",
                "transit_gateway_id": "",
                "vpc_peering_connection_id": ""
              }
            ],
            "tags": {
              "Name": "Project Routes Table"
            },
            "vpc_id": "vpc-005bab01fb0d4aaef"
          },
          "private": "bnVsbA==",
          "dependencies": [
            "module.aws_vpc.aws_internet_gateway.ProjectIG",
            "module.aws_vpc.aws_vpc.T3VPC"
          ]
        }
      ]
    },
    {
      "module": "module.aws_vpc",
      "mode": "managed",
      "type": "aws_route_table_association",
      "name": "ProjectRTA",
      "provider": "module.aws_vpc.provider[\"registry.terraform.io/hashicorp/aws\"]",
      "instances": [
        {
          "schema_version": 0,
          "attributes": {
            "gateway_id": null,
            "id": "rtbassoc-00c69983732ae00e8",
            "route_table_id": "rtb-088220cc4c582638b",
            "subnet_id": "subnet-02ef1f244f24a505c"
          },
          "private": "bnVsbA==",
          "dependencies": [
            "module.aws_vpc.aws_internet_gateway.ProjectIG",
            "module.aws_vpc.aws_route_table.ProjectRT",
            "module.aws_vpc.aws_subnet.ProjectSubnet",
            "module.aws_vpc.aws_vpc.T3VPC"
          ]
        }
      ]
    },
    {
      "module": "module.aws_vpc",
      "mode": "managed",
      "type": "aws_route_table_association",
      "name": "ProjectRTA1",
      "provider": "module.aws_vpc.provider[\"registry.terraform.io/hashicorp/aws\"]",
      "instances": [
        {
          "schema_version": 0,
          "attributes": {
            "gateway_id": null,
            "id": "rtbassoc-0dfaab78fc3ad2a63",
            "route_table_id": "rtb-088220cc4c582638b",
            "subnet_id": "subnet-0cf3ebf10af768f4c"
          },
          "private": "bnVsbA==",
          "dependencies": [
            "module.aws_vpc.aws_internet_gateway.ProjectIG",
            "module.aws_vpc.aws_route_table.ProjectRT",
            "module.aws_vpc.aws_subnet.ProjectSubnet1",
            "module.aws_vpc.aws_vpc.T3VPC"
          ]
        }
      ]
    },
    {
      "module": "module.aws_vpc",
      "mode": "managed",
      "type": "aws_subnet",
      "name": "ProjectSubnet",
      "provider": "module.aws_vpc.provider[\"registry.terraform.io/hashicorp/aws\"]",
      "instances": [
        {
          "schema_version": 1,
          "attributes": {
            "arn": "arn:aws:ec2:eu-west-1:887142107319:subnet/subnet-02ef1f244f24a505c",
            "assign_ipv6_address_on_creation": false,
            "availability_zone": "eu-west-1b",
            "availability_zone_id": "euw1-az3",
            "cidr_block": "10.0.1.0/24",
            "id": "subnet-02ef1f244f24a505c",
            "ipv6_cidr_block": "",
            "ipv6_cidr_block_association_id": "",
            "map_public_ip_on_launch": true,
            "outpost_arn": "",
            "owner_id": "887142107319",
            "tags": {
              "Name": "Project Subnet"
            },
            "timeouts": null,
            "vpc_id": "vpc-005bab01fb0d4aaef"
          },
          "private": "eyJlMmJmYjczMC1lY2FhLTExZTYtOGY4OC0zNDM2M2JjN2M0YzAiOnsiY3JlYXRlIjo2MDAwMDAwMDAwMDAsImRlbGV0ZSI6MTIwMDAwMDAwMDAwMH0sInNjaGVtYV92ZXJzaW9uIjoiMSJ9",
          "dependencies": [
            "module.aws_vpc.aws_vpc.T3VPC"
          ]
        }
      ]
    },
    {
      "module": "module.aws_vpc",
      "mode": "managed",
      "type": "aws_subnet",
      "name": "ProjectSubnet1",
      "provider": "module.aws_vpc.provider[\"registry.terraform.io/hashicorp/aws\"]",
      "instances": [
        {
          "schema_version": 1,
          "attributes": {
            "arn": "arn:aws:ec2:eu-west-1:887142107319:subnet/subnet-0cf3ebf10af768f4c",
            "assign_ipv6_address_on_creation": false,
            "availability_zone": "eu-west-1c",
            "availability_zone_id": "euw1-az1",
            "cidr_block": "10.0.2.0/24",
            "id": "subnet-0cf3ebf10af768f4c",
            "ipv6_cidr_block": "",
            "ipv6_cidr_block_association_id": "",
            "map_public_ip_on_launch": true,
            "outpost_arn": "",
            "owner_id": "887142107319",
            "tags": {
              "Name": "Project Subnet"
            },
            "timeouts": null,
            "vpc_id": "vpc-005bab01fb0d4aaef"
          },
          "private": "eyJlMmJmYjczMC1lY2FhLTExZTYtOGY4OC0zNDM2M2JjN2M0YzAiOnsiY3JlYXRlIjo2MDAwMDAwMDAwMDAsImRlbGV0ZSI6MTIwMDAwMDAwMDAwMH0sInNjaGVtYV92ZXJzaW9uIjoiMSJ9",
          "dependencies": [
            "module.aws_vpc.aws_vpc.T3VPC"
          ]
        }
      ]
    },
    {
      "module": "module.aws_vpc",
      "mode": "managed",
      "type": "aws_vpc",
      "name": "T3VPC",
      "provider": "module.aws_vpc.provider[\"registry.terraform.io/hashicorp/aws\"]",
      "instances": [
        {
          "schema_version": 1,
          "attributes": {
            "arn": "arn:aws:ec2:eu-west-1:887142107319:vpc/vpc-005bab01fb0d4aaef",
            "assign_generated_ipv6_cidr_block": false,
            "cidr_block": "10.0.0.0/16",
            "default_network_acl_id": "acl-0d6e87d603b3daeb7",
            "default_route_table_id": "rtb-0198994bcf0d16a43",
            "default_security_group_id": "sg-08cb67a2bdb82d2c3",
            "dhcp_options_id": "dopt-b8bb8ade",
            "enable_classiclink": false,
            "enable_classiclink_dns_support": false,
            "enable_dns_hostnames": true,
            "enable_dns_support": true,
            "id": "vpc-005bab01fb0d4aaef",
            "instance_tenancy": "default",
            "ipv6_association_id": "",
            "ipv6_cidr_block": "",
            "main_route_table_id": "rtb-0198994bcf0d16a43",
            "owner_id": "887142107319",
            "tags": {
              "Name": "T3VPC"
            }
          },
          "private": "eyJzY2hlbWFfdmVyc2lvbiI6IjEifQ=="
        }
      ]
    }
  ]
}
